// !$*UTF8*$!
{
	archiveVersion = 1;
	classes = {
	};
	objectVersion = 55;
	objects = {

/* Begin PBXBuildFile section */
		B231B9582791234400E3895A /* Tests_iOS.swift in Sources */ = {isa = PBXBuildFile; fileRef = B231B9572791234400E3895A /* Tests_iOS.swift */; };
		B231B95A2791234400E3895A /* Tests_iOSLaunchTests.swift in Sources */ = {isa = PBXBuildFile; fileRef = B231B9592791234400E3895A /* Tests_iOSLaunchTests.swift */; };
		B231B9642791234400E3895A /* Tests_macOS.swift in Sources */ = {isa = PBXBuildFile; fileRef = B231B9632791234400E3895A /* Tests_macOS.swift */; };
		B231B9662791234400E3895A /* Tests_macOSLaunchTests.swift in Sources */ = {isa = PBXBuildFile; fileRef = B231B9652791234400E3895A /* Tests_macOSLaunchTests.swift */; };
		B231B9672791234400E3895A /* MeetYourGroupApp.swift in Sources */ = {isa = PBXBuildFile; fileRef = B231B93F2791234200E3895A /* MeetYourGroupApp.swift */; };
		B231B9682791234400E3895A /* MeetYourGroupApp.swift in Sources */ = {isa = PBXBuildFile; fileRef = B231B93F2791234200E3895A /* MeetYourGroupApp.swift */; };
		B231B9692791234400E3895A /* ContentView.swift in Sources */ = {isa = PBXBuildFile; fileRef = B231B9402791234200E3895A /* ContentView.swift */; };
		B231B96A2791234400E3895A /* ContentView.swift in Sources */ = {isa = PBXBuildFile; fileRef = B231B9402791234200E3895A /* ContentView.swift */; };
		B231B96B2791234400E3895A /* Assets.xcassets in Resources */ = {isa = PBXBuildFile; fileRef = B231B9412791234400E3895A /* Assets.xcassets */; };
		B231B96C2791234400E3895A /* Assets.xcassets in Resources */ = {isa = PBXBuildFile; fileRef = B231B9412791234400E3895A /* Assets.xcassets */; };
/* End PBXBuildFile section */

/* Begin PBXContainerItemProxy section */
		B231B9542791234400E3895A /* PBXContainerItemProxy */ = {
			isa = PBXContainerItemProxy;
			containerPortal = B231B93A2791234200E3895A /* Project object */;
			proxyType = 1;
			remoteGlobalIDString = B231B9452791234400E3895A;
			remoteInfo = "MeetYourGroup (iOS)";
		};
		B231B9602791234400E3895A /* PBXContainerItemProxy */ = {
			isa = PBXContainerItemProxy;
			containerPortal = B231B93A2791234200E3895A /* Project object */;
			proxyType = 1;
			remoteGlobalIDString = B231B94B2791234400E3895A;
			remoteInfo = "MeetYourGroup (macOS)";
		};
/* End PBXContainerItemProxy section */

/* Begin PBXFileReference section */
		B231B93F2791234200E3895A /* MeetYourGroupApp.swift */ = {isa = PBXFileReference; lastKnownFileType = sourcecode.swift; path = MeetYourGroupApp.swift; sourceTree = "<group>"; };
		B231B9402791234200E3895A /* ContentView.swift */ = {isa = PBXFileReference; lastKnownFileType = sourcecode.swift; path = ContentView.swift; sourceTree = "<group>"; };
		B231B9412791234400E3895A /* Assets.xcassets */ = {isa = PBXFileReference; lastKnownFileType = folder.assetcatalog; path = Assets.xcassets; sourceTree = "<group>"; };
		B231B9462791234400E3895A /* MeetYourGroup.app */ = {isa = PBXFileReference; explicitFileType = wrapper.application; includeInIndex = 0; path = MeetYourGroup.app; sourceTree = BUILT_PRODUCTS_DIR; };
		B231B94C2791234400E3895A /* MeetYourGroup.app */ = {isa = PBXFileReference; explicitFileType = wrapper.application; includeInIndex = 0; path = MeetYourGroup.app; sourceTree = BUILT_PRODUCTS_DIR; };
		B231B94E2791234400E3895A /* macOS.entitlements */ = {isa = PBXFileReference; lastKnownFileType = text.plist.entitlements; path = macOS.entitlements; sourceTree = "<group>"; };
		B231B9532791234400E3895A /* Tests iOS.xctest */ = {isa = PBXFileReference; explicitFileType = wrapper.cfbundle; includeInIndex = 0; path = "Tests iOS.xctest"; sourceTree = BUILT_PRODUCTS_DIR; };
		B231B9572791234400E3895A /* Tests_iOS.swift */ = {isa = PBXFileReference; lastKnownFileType = sourcecode.swift; path = Tests_iOS.swift; sourceTree = "<group>"; };
		B231B9592791234400E3895A /* Tests_iOSLaunchTests.swift */ = {isa = PBXFileReference; lastKnownFileType = sourcecode.swift; path = Tests_iOSLaunchTests.swift; sourceTree = "<group>"; };
		B231B95F2791234400E3895A /* Tests macOS.xctest */ = {isa = PBXFileReference; explicitFileType = wrapper.cfbundle; includeInIndex = 0; path = "Tests macOS.xctest"; sourceTree = BUILT_PRODUCTS_DIR; };
		B231B9632791234400E3895A /* Tests_macOS.swift */ = {isa = PBXFileReference; lastKnownFileType = sourcecode.swift; path = Tests_macOS.swift; sourceTree = "<group>"; };
		B231B9652791234400E3895A /* Tests_macOSLaunchTests.swift */ = {isa = PBXFileReference; lastKnownFileType = sourcecode.swift; path = Tests_macOSLaunchTests.swift; sourceTree = "<group>"; };
/* End PBXFileReference section */

/* Begin PBXFrameworksBuildPhase section */
		B231B9432791234400E3895A /* Frameworks */ = {
			isa = PBXFrameworksBuildPhase;
			buildActionMask = 2147483647;
			files = (
			);
			runOnlyForDeploymentPostprocessing = 0;
		};
		B231B9492791234400E3895A /* Frameworks */ = {
			isa = PBXFrameworksBuildPhase;
			buildActionMask = 2147483647;
			files = (
			);
			runOnlyForDeploymentPostprocessing = 0;
		};
		B231B9502791234400E3895A /* Frameworks */ = {
			isa = PBXFrameworksBuildPhase;
			buildActionMask = 2147483647;
			files = (
			);
			runOnlyForDeploymentPostprocessing = 0;
		};
		B231B95C2791234400E3895A /* Frameworks */ = {
			isa = PBXFrameworksBuildPhase;
			buildActionMask = 2147483647;
			files = (
			);
			runOnlyForDeploymentPostprocessing = 0;
		};
/* End PBXFrameworksBuildPhase section */

/* Begin PBXGroup section */
		B231B9392791234200E3895A = {
			isa = PBXGroup;
			children = (
				B231B93E2791234200E3895A /* Shared */,
				B231B94D2791234400E3895A /* macOS */,
				B231B9562791234400E3895A /* Tests iOS */,
				B231B9622791234400E3895A /* Tests macOS */,
				B231B9472791234400E3895A /* Products */,
			);
			sourceTree = "<group>";
		};
		B231B93E2791234200E3895A /* Shared */ = {
			isa = PBXGroup;
			children = (
				B231B93F2791234200E3895A /* MeetYourGroupApp.swift */,
				B231B9402791234200E3895A /* ContentView.swift */,
				B231B9412791234400E3895A /* Assets.xcassets */,
			);
			path = Shared;
			sourceTree = "<group>";
		};
		B231B9472791234400E3895A /* Products */ = {
			isa = PBXGroup;
			children = (
				B231B9462791234400E3895A /* MeetYourGroup.app */,
				B231B94C2791234400E3895A /* MeetYourGroup.app */,
				B231B9532791234400E3895A /* Tests iOS.xctest */,
				B231B95F2791234400E3895A /* Tests macOS.xctest */,
			);
			name = Products;
			sourceTree = "<group>";
		};
		B231B94D2791234400E3895A /* macOS */ = {
			isa = PBXGroup;
			children = (
				B231B94E2791234400E3895A /* macOS.entitlements */,
			);
			path = macOS;
			sourceTree = "<group>";
		};
		B231B9562791234400E3895A /* Tests iOS */ = {
			isa = PBXGroup;
			children = (
				B231B9572791234400E3895A /* Tests_iOS.swift */,
				B231B9592791234400E3895A /* Tests_iOSLaunchTests.swift */,
			);
			path = "Tests iOS";
			sourceTree = "<group>";
		};
		B231B9622791234400E3895A /* Tests macOS */ = {
			isa = PBXGroup;
			children = (
				B231B9632791234400E3895A /* Tests_macOS.swift */,
				B231B9652791234400E3895A /* Tests_macOSLaunchTests.swift */,
			);
			path = "Tests macOS";
			sourceTree = "<group>";
		};
/* End PBXGroup section */

/* Begin PBXNativeTarget section */
		B231B9452791234400E3895A /* MeetYourGroup (iOS) */ = {
			isa = PBXNativeTarget;
			buildConfigurationList = B231B96F2791234400E3895A /* Build configuration list for PBXNativeTarget "MeetYourGroup (iOS)" */;
			buildPhases = (
				B231B9422791234400E3895A /* Sources */,
				B231B9432791234400E3895A /* Frameworks */,
				B231B9442791234400E3895A /* Resources */,
			);
			buildRules = (
			);
			dependencies = (
			);
			name = "MeetYourGroup (iOS)";
			productName = "MeetYourGroup (iOS)";
			productReference = B231B9462791234400E3895A /* MeetYourGroup.app */;
			productType = "com.apple.product-type.application";
		};
		B231B94B2791234400E3895A /* MeetYourGroup (macOS) */ = {
			isa = PBXNativeTarget;
			buildConfigurationList = B231B9722791234400E3895A /* Build configuration list for PBXNativeTarget "MeetYourGroup (macOS)" */;
			buildPhases = (
				B231B9482791234400E3895A /* Sources */,
				B231B9492791234400E3895A /* Frameworks */,
				B231B94A2791234400E3895A /* Resources */,
			);
			buildRules = (
			);
			dependencies = (
			);
			name = "MeetYourGroup (macOS)";
			productName = "MeetYourGroup (macOS)";
			productReference = B231B94C2791234400E3895A /* MeetYourGroup.app */;
			productType = "com.apple.product-type.application";
		};
		B231B9522791234400E3895A /* Tests iOS */ = {
			isa = PBXNativeTarget;
			buildConfigurationList = B231B9752791234400E3895A /* Build configuration list for PBXNativeTarget "Tests iOS" */;
			buildPhases = (
				B231B94F2791234400E3895A /* Sources */,
				B231B9502791234400E3895A /* Frameworks */,
				B231B9512791234400E3895A /* Resources */,
			);
			buildRules = (
			);
			dependencies = (
				B231B9552791234400E3895A /* PBXTargetDependency */,
			);
			name = "Tests iOS";
			productName = "Tests iOS";
			productReference = B231B9532791234400E3895A /* Tests iOS.xctest */;
			productType = "com.apple.product-type.bundle.ui-testing";
		};
		B231B95E2791234400E3895A /* Tests macOS */ = {
			isa = PBXNativeTarget;
			buildConfigurationList = B231B9782791234400E3895A /* Build configuration list for PBXNativeTarget "Tests macOS" */;
			buildPhases = (
				B231B95B2791234400E3895A /* Sources */,
				B231B95C2791234400E3895A /* Frameworks */,
				B231B95D2791234400E3895A /* Resources */,
			);
			buildRules = (
			);
			dependencies = (
				B231B9612791234400E3895A /* PBXTargetDependency */,
			);
			name = "Tests macOS";
			productName = "Tests macOS";
			productReference = B231B95F2791234400E3895A /* Tests macOS.xctest */;
			productType = "com.apple.product-type.bundle.ui-testing";
		};
/* End PBXNativeTarget section */

/* Begin PBXProject section */
		B231B93A2791234200E3895A /* Project object */ = {
			isa = PBXProject;
			attributes = {
				BuildIndependentTargetsInParallel = 1;
				LastSwiftUpdateCheck = 1320;
				LastUpgradeCheck = 1320;
				TargetAttributes = {
					B231B9452791234400E3895A = {
						CreatedOnToolsVersion = 13.2.1;
					};
					B231B94B2791234400E3895A = {
						CreatedOnToolsVersion = 13.2.1;
					};
					B231B9522791234400E3895A = {
						CreatedOnToolsVersion = 13.2.1;
						TestTargetID = B231B9452791234400E3895A;
					};
					B231B95E2791234400E3895A = {
						CreatedOnToolsVersion = 13.2.1;
						TestTargetID = B231B94B2791234400E3895A;
					};
				};
			};
			buildConfigurationList = B231B93D2791234200E3895A /* Build configuration list for PBXProject "MeetYourGroup" */;
			compatibilityVersion = "Xcode 13.0";
			developmentRegion = en;
			hasScannedForEncodings = 0;
			knownRegions = (
				en,
				Base,
			);
			mainGroup = B231B9392791234200E3895A;
			productRefGroup = B231B9472791234400E3895A /* Products */;
			projectDirPath = "";
			projectRoot = "";
			targets = (
				B231B9452791234400E3895A /* MeetYourGroup (iOS) */,
				B231B94B2791234400E3895A /* MeetYourGroup (macOS) */,
				B231B9522791234400E3895A /* Tests iOS */,
				B231B95E2791234400E3895A /* Tests macOS */,
			);
		};
/* End PBXProject section */

/* Begin PBXResourcesBuildPhase section */
		B231B9442791234400E3895A /* Resources */ = {
			isa = PBXResourcesBuildPhase;
			buildActionMask = 2147483647;
			files = (
				B231B96B2791234400E3895A /* Assets.xcassets in Resources */,
			);
			runOnlyForDeploymentPostprocessing = 0;
		};
		B231B94A2791234400E3895A /* Resources */ = {
			isa = PBXResourcesBuildPhase;
			buildActionMask = 2147483647;
			files = (
				B231B96C2791234400E3895A /* Assets.xcassets in Resources */,
			);
			runOnlyForDeploymentPostprocessing = 0;
		};
		B231B9512791234400E3895A /* Resources */ = {
			isa = PBXResourcesBuildPhase;
			buildActionMask = 2147483647;
			files = (
			);
			runOnlyForDeploymentPostprocessing = 0;
		};
		B231B95D2791234400E3895A /* Resources */ = {
			isa = PBXResourcesBuildPhase;
			buildActionMask = 2147483647;
			files = (
			);
			runOnlyForDeploymentPostprocessing = 0;
		};
/* End PBXResourcesBuildPhase section */

/* Begin PBXSourcesBuildPhase section */
		B231B9422791234400E3895A /* Sources */ = {
			isa = PBXSourcesBuildPhase;
			buildActionMask = 2147483647;
			files = (
				B231B9692791234400E3895A /* ContentView.swift in Sources */,
				B231B9672791234400E3895A /* MeetYourGroupApp.swift in Sources */,
			);
			runOnlyForDeploymentPostprocessing = 0;
		};
		B231B9482791234400E3895A /* Sources */ = {
			isa = PBXSourcesBuildPhase;
			buildActionMask = 2147483647;
			files = (
				B231B96A2791234400E3895A /* ContentView.swift in Sources */,
				B231B9682791234400E3895A /* MeetYourGroupApp.swift in Sources */,
			);
			runOnlyForDeploymentPostprocessing = 0;
		};
		B231B94F2791234400E3895A /* Sources */ = {
			isa = PBXSourcesBuildPhase;
			buildActionMask = 2147483647;
			files = (
				B231B95A2791234400E3895A /* Tests_iOSLaunchTests.swift in Sources */,
				B231B9582791234400E3895A /* Tests_iOS.swift in Sources */,
			);
			runOnlyForDeploymentPostprocessing = 0;
		};
		B231B95B2791234400E3895A /* Sources */ = {
			isa = PBXSourcesBuildPhase;
			buildActionMask = 2147483647;
			files = (
				B231B9662791234400E3895A /* Tests_macOSLaunchTests.swift in Sources */,
				B231B9642791234400E3895A /* Tests_macOS.swift in Sources */,
			);
			runOnlyForDeploymentPostprocessing = 0;
		};
/* End PBXSourcesBuildPhase section */

/* Begin PBXTargetDependency section */
		B231B9552791234400E3895A /* PBXTargetDependency */ = {
			isa = PBXTargetDependency;
			target = B231B9452791234400E3895A /* MeetYourGroup (iOS) */;
			targetProxy = B231B9542791234400E3895A /* PBXContainerItemProxy */;
		};
		B231B9612791234400E3895A /* PBXTargetDependency */ = {
			isa = PBXTargetDependency;
			target = B231B94B2791234400E3895A /* MeetYourGroup (macOS) */;
			targetProxy = B231B9602791234400E3895A /* PBXContainerItemProxy */;
		};
/* End PBXTargetDependency section */

/* Begin XCBuildConfiguration section */
		B231B96D2791234400E3895A /* Debug */ = {
			isa = XCBuildConfiguration;
			buildSettings = {
				ALWAYS_SEARCH_USER_PATHS = NO;
				CLANG_ANALYZER_NONNULL = YES;
				CLANG_ANALYZER_NUMBER_OBJECT_CONVERSION = YES_AGGRESSIVE;
				CLANG_CXX_LANGUAGE_STANDARD = "gnu++17";
				CLANG_CXX_LIBRARY = "libc++";
				CLANG_ENABLE_MODULES = YES;
				CLANG_ENABLE_OBJC_ARC = YES;
				CLANG_ENABLE_OBJC_WEAK = YES;
				CLANG_WARN_BLOCK_CAPTURE_AUTORELEASING = YES;
				CLANG_WARN_BOOL_CONVERSION = YES;
				CLANG_WARN_COMMA = YES;
				CLANG_WARN_CONSTANT_CONVERSION = YES;
				CLANG_WARN_DEPRECATED_OBJC_IMPLEMENTATIONS = YES;
				CLANG_WARN_DIRECT_OBJC_ISA_USAGE = YES_ERROR;
				CLANG_WARN_DOCUMENTATION_COMMENTS = YES;
				CLANG_WARN_EMPTY_BODY = YES;
				CLANG_WARN_ENUM_CONVERSION = YES;
				CLANG_WARN_INFINITE_RECURSION = YES;
				CLANG_WARN_INT_CONVERSION = YES;
				CLANG_WARN_NON_LITERAL_NULL_CONVERSION = YES;
				CLANG_WARN_OBJC_IMPLICIT_RETAIN_SELF = YES;
				CLANG_WARN_OBJC_LITERAL_CONVERSION = YES;
				CLANG_WARN_OBJC_ROOT_CLASS = YES_ERROR;
				CLANG_WARN_QUOTED_INCLUDE_IN_FRAMEWORK_HEADER = YES;
				CLANG_WARN_RANGE_LOOP_ANALYSIS = YES;
				CLANG_WARN_STRICT_PROTOTYPES = YES;
				CLANG_WARN_SUSPICIOUS_MOVE = YES;
				CLANG_WARN_UNGUARDED_AVAILABILITY = YES_AGGRESSIVE;
				CLANG_WARN_UNREACHABLE_CODE = YES;
				CLANG_WARN__DUPLICATE_METHOD_MATCH = YES;
				COPY_PHASE_STRIP = NO;
				DEBUG_INFORMATION_FORMAT = dwarf;
				ENABLE_STRICT_OBJC_MSGSEND = YES;
				ENABLE_TESTABILITY = YES;
				GCC_C_LANGUAGE_STANDARD = gnu11;
				GCC_DYNAMIC_NO_PIC = NO;
				GCC_NO_COMMON_BLOCKS = YES;
				GCC_OPTIMIZATION_LEVEL = 0;
				GCC_PREPROCESSOR_DEFINITIONS = (
					"DEBUG=1",
					"$(inherited)",
				);
				GCC_WARN_64_TO_32_BIT_CONVERSION = YES;
				GCC_WARN_ABOUT_RETURN_TYPE = YES_ERROR;
				GCC_WARN_UNDECLARED_SELECTOR = YES;
				GCC_WARN_UNINITIALIZED_AUTOS = YES_AGGRESSIVE;
				GCC_WARN_UNUSED_FUNCTION = YES;
				GCC_WARN_UNUSED_VARIABLE = YES;
				MTL_ENABLE_DEBUG_INFO = INCLUDE_SOURCE;
				MTL_FAST_MATH = YES;
				ONLY_ACTIVE_ARCH = YES;
				SWIFT_ACTIVE_COMPILATION_CONDITIONS = DEBUG;
				SWIFT_OPTIMIZATION_LEVEL = "-Onone";
			};
			name = Debug;
		};
		B231B96E2791234400E3895A /* Release */ = {
			isa = XCBuildConfiguration;
			buildSettings = {
				ALWAYS_SEARCH_USER_PATHS = NO;
				CLANG_ANALYZER_NONNULL = YES;
				CLANG_ANALYZER_NUMBER_OBJECT_CONVERSION = YES_AGGRESSIVE;
				CLANG_CXX_LANGUAGE_STANDARD = "gnu++17";
				CLANG_CXX_LIBRARY = "libc++";
				CLANG_ENABLE_MODULES = YES;
				CLANG_ENABLE_OBJC_ARC = YES;
				CLANG_ENABLE_OBJC_WEAK = YES;
				CLANG_WARN_BLOCK_CAPTURE_AUTORELEASING = YES;
				CLANG_WARN_BOOL_CONVERSION = YES;
				CLANG_WARN_COMMA = YES;
				CLANG_WARN_CONSTANT_CONVERSION = YES;
				CLANG_WARN_DEPRECATED_OBJC_IMPLEMENTATIONS = YES;
				CLANG_WARN_DIRECT_OBJC_ISA_USAGE = YES_ERROR;
				CLANG_WARN_DOCUMENTATION_COMMENTS = YES;
				CLANG_WARN_EMPTY_BODY = YES;
				CLANG_WARN_ENUM_CONVERSION = YES;
				CLANG_WARN_INFINITE_RECURSION = YES;
				CLANG_WARN_INT_CONVERSION = YES;
				CLANG_WARN_NON_LITERAL_NULL_CONVERSION = YES;
				CLANG_WARN_OBJC_IMPLICIT_RETAIN_SELF = YES;
				CLANG_WARN_OBJC_LITERAL_CONVERSION = YES;
				CLANG_WARN_OBJC_ROOT_CLASS = YES_ERROR;
				CLANG_WARN_QUOTED_INCLUDE_IN_FRAMEWORK_HEADER = YES;
				CLANG_WARN_RANGE_LOOP_ANALYSIS = YES;
				CLANG_WARN_STRICT_PROTOTYPES = YES;
				CLANG_WARN_SUSPICIOUS_MOVE = YES;
				CLANG_WARN_UNGUARDED_AVAILABILITY = YES_AGGRESSIVE;
				CLANG_WARN_UNREACHABLE_CODE = YES;
				CLANG_WARN__DUPLICATE_METHOD_MATCH = YES;
				COPY_PHASE_STRIP = NO;
				DEBUG_INFORMATION_FORMAT = "dwarf-with-dsym";
				ENABLE_NS_ASSERTIONS = NO;
				ENABLE_STRICT_OBJC_MSGSEND = YES;
				GCC_C_LANGUAGE_STANDARD = gnu11;
				GCC_NO_COMMON_BLOCKS = YES;
				GCC_WARN_64_TO_32_BIT_CONVERSION = YES;
				GCC_WARN_ABOUT_RETURN_TYPE = YES_ERROR;
				GCC_WARN_UNDECLARED_SELECTOR = YES;
				GCC_WARN_UNINITIALIZED_AUTOS = YES_AGGRESSIVE;
				GCC_WARN_UNUSED_FUNCTION = YES;
				GCC_WARN_UNUSED_VARIABLE = YES;
				MTL_ENABLE_DEBUG_INFO = NO;
				MTL_FAST_MATH = YES;
				SWIFT_COMPILATION_MODE = wholemodule;
				SWIFT_OPTIMIZATION_LEVEL = "-O";
			};
			name = Release;
		};
		B231B9702791234400E3895A /* Debug */ = {
			isa = XCBuildConfiguration;
			buildSettings = {
				ASSETCATALOG_COMPILER_APPICON_NAME = AppIcon;
				ASSETCATALOG_COMPILER_GLOBAL_ACCENT_COLOR_NAME = AccentColor;
				CODE_SIGN_STYLE = Automatic;
				CURRENT_PROJECT_VERSION = 1;
				DEVELOPMENT_TEAM = QUX87FX5T3;
				ENABLE_PREVIEWS = YES;
				GENERATE_INFOPLIST_FILE = YES;
				INFOPLIST_KEY_UIApplicationSceneManifest_Generation = YES;
				INFOPLIST_KEY_UIApplicationSupportsIndirectInputEvents = YES;
				INFOPLIST_KEY_UILaunchScreen_Generation = YES;
				INFOPLIST_KEY_UISupportedInterfaceOrientations = UIInterfaceOrientationPortrait;
				INFOPLIST_KEY_UISupportedInterfaceOrientations_iPad = "UIInterfaceOrientationPortrait UIInterfaceOrientationPortraitUpsideDown UIInterfaceOrientationLandscapeLeft UIInterfaceOrientationLandscapeRight";
				INFOPLIST_KEY_UISupportedInterfaceOrientations_iPhone = "UIInterfaceOrientationPortrait UIInterfaceOrientationLandscapeLeft UIInterfaceOrientationLandscapeRight";
				IPHONEOS_DEPLOYMENT_TARGET = 15.2;
				LD_RUNPATH_SEARCH_PATHS = (
					"$(inherited)",
					"@executable_path/Frameworks",
				);
				MARKETING_VERSION = 1.0;
				PRODUCT_BUNDLE_IDENTIFIER = whitney.MeetYourGroup;
				PRODUCT_NAME = MeetYourGroup;
				SDKROOT = iphoneos;
				SWIFT_EMIT_LOC_STRINGS = YES;
				SWIFT_VERSION = 5.0;
				TARGETED_DEVICE_FAMILY = 1;
			};
			name = Debug;
		};
		B231B9712791234400E3895A /* Release */ = {
			isa = XCBuildConfiguration;
			buildSettings = {
				ASSETCATALOG_COMPILER_APPICON_NAME = AppIcon;
				ASSETCATALOG_COMPILER_GLOBAL_ACCENT_COLOR_NAME = AccentColor;
				CODE_SIGN_STYLE = Automatic;
				CURRENT_PROJECT_VERSION = 1;
				DEVELOPMENT_TEAM = QUX87FX5T3;
				ENABLE_PREVIEWS = YES;
				GENERATE_INFOPLIST_FILE = YES;
				INFOPLIST_KEY_UIApplicationSceneManifest_Generation = YES;
				INFOPLIST_KEY_UIApplicationSupportsIndirectInputEvents = YES;
				INFOPLIST_KEY_UILaunchScreen_Generation = YES;
				INFOPLIST_KEY_UISupportedInterfaceOrientations = UIInterfaceOrientationPortrait;
				INFOPLIST_KEY_UISupportedInterfaceOrientations_iPad = "UIInterfaceOrientationPortrait UIInterfaceOrientationPortraitUpsideDown UIInterfaceOrientationLandscapeLeft UIInterfaceOrientationLandscapeRight";
				INFOPLIST_KEY_UISupportedInterfaceOrientations_iPhone = "UIInterfaceOrientationPortrait UIInterfaceOrientationLandscapeLeft UIInterfaceOrientationLandscapeRight";
				IPHONEOS_DEPLOYMENT_TARGET = 15.2;
				LD_RUNPATH_SEARCH_PATHS = (
					"$(inherited)",
					"@executable_path/Frameworks",
				);
				MARKETING_VERSION = 1.0;
				PRODUCT_BUNDLE_IDENTIFIER = whitney.MeetYourGroup;
				PRODUCT_NAME = MeetYourGroup;
				SDKROOT = iphoneos;
				SWIFT_EMIT_LOC_STRINGS = YES;
				SWIFT_VERSION = 5.0;
				TARGETED_DEVICE_FAMILY = 1;
				VALIDATE_PRODUCT = YES;
			};
			name = Release;
		};
		B231B9732791234400E3895A /* Debug */ = {
			isa = XCBuildConfiguration;
			buildSettings = {
				ASSETCATALOG_COMPILER_APPICON_NAME = AppIcon;
				ASSETCATALOG_COMPILER_GLOBAL_ACCENT_COLOR_NAME = AccentColor;
				CODE_SIGN_ENTITLEMENTS = macOS/macOS.entitlements;
				CODE_SIGN_STYLE = Automatic;
				COMBINE_HIDPI_IMAGES = YES;
				CURRENT_PROJECT_VERSION = 1;
				DEVELOPMENT_TEAM = QUX87FX5T3;
				ENABLE_HARDENED_RUNTIME = YES;
				ENABLE_PREVIEWS = YES;
				GENERATE_INFOPLIST_FILE = YES;
				INFOPLIST_KEY_NSHumanReadableCopyright = "";
				LD_RUNPATH_SEARCH_PATHS = (
					"$(inherited)",
					"@executable_path/../Frameworks",
				);
				MACOSX_DEPLOYMENT_TARGET = 11.5;
				MARKETING_VERSION = 1.0;
				PRODUCT_BUNDLE_IDENTIFIER = whitney.MeetYourGroup;
				PRODUCT_NAME = MeetYourGroup;
				SDKROOT = macosx;
				SWIFT_EMIT_LOC_STRINGS = YES;
				SWIFT_VERSION = 5.0;
			};
			name = Debug;
		};
		B231B9742791234400E3895A /* Release */ = {
			isa = XCBuildConfiguration;
			buildSettings = {
				ASSETCATALOG_COMPILER_APPICON_NAME = AppIcon;
				ASSETCATALOG_COMPILER_GLOBAL_ACCENT_COLOR_NAME = AccentColor;
				CODE_SIGN_ENTITLEMENTS = macOS/macOS.entitlements;
				CODE_SIGN_STYLE = Automatic;
				COMBINE_HIDPI_IMAGES = YES;
				CURRENT_PROJECT_VERSION = 1;
				DEVELOPMENT_TEAM = QUX87FX5T3;
				ENABLE_HARDENED_RUNTIME = YES;
				ENABLE_PREVIEWS = YES;
				GENERATE_INFOPLIST_FILE = YES;
				INFOPLIST_KEY_NSHumanReadableCopyright = "";
				LD_RUNPATH_SEARCH_PATHS = (
					"$(inherited)",
					"@executable_path/../Frameworks",
				);
				MACOSX_DEPLOYMENT_TARGET = 11.5;
				MARKETING_VERSION = 1.0;
				PRODUCT_BUNDLE_IDENTIFIER = whitney.MeetYourGroup;
				PRODUCT_NAME = MeetYourGroup;
				SDKROOT = macosx;
				SWIFT_EMIT_LOC_STRINGS = YES;
				SWIFT_VERSION = 5.0;
			};
			name = Release;
		};
		B231B9762791234400E3895A /* Debug */ = {
			isa = XCBuildConfiguration;
			buildSettings = {
				ALWAYS_EMBED_SWIFT_STANDARD_LIBRARIES = YES;
				CODE_SIGN_STYLE = Automatic;
				CURRENT_PROJECT_VERSION = 1;
				DEVELOPMENT_TEAM = QUX87FX5T3;
				GENERATE_INFOPLIST_FILE = YES;
				IPHONEOS_DEPLOYMENT_TARGET = 15.2;
				MARKETING_VERSION = 1.0;
				PRODUCT_BUNDLE_IDENTIFIER = "whitney.Tests-iOS";
				PRODUCT_NAME = "$(TARGET_NAME)";
				SDKROOT = iphoneos;
				SWIFT_EMIT_LOC_STRINGS = NO;
				SWIFT_VERSION = 5.0;
				TARGETED_DEVICE_FAMILY = "1,2";
				TEST_TARGET_NAME = "MeetYourGroup (iOS)";
			};
			name = Debug;
		};
		B231B9772791234400E3895A /* Release */ = {
			isa = XCBuildConfiguration;
			buildSettings = {
				ALWAYS_EMBED_SWIFT_STANDARD_LIBRARIES = YES;
				CODE_SIGN_STYLE = Automatic;
				CURRENT_PROJECT_VERSION = 1;
				DEVELOPMENT_TEAM = QUX87FX5T3;
				GENERATE_INFOPLIST_FILE = YES;
				IPHONEOS_DEPLOYMENT_TARGET = 15.2;
				MARKETING_VERSION = 1.0;
				PRODUCT_BUNDLE_IDENTIFIER = "whitney.Tests-iOS";
				PRODUCT_NAME = "$(TARGET_NAME)";
				SDKROOT = iphoneos;
				SWIFT_EMIT_LOC_STRINGS = NO;
				SWIFT_VERSION = 5.0;
				TARGETED_DEVICE_FAMILY = "1,2";
				TEST_TARGET_NAME = "MeetYourGroup (iOS)";
				VALIDATE_PRODUCT = YES;
			};
			name = Release;
		};
		B231B9792791234400E3895A /* Debug */ = {
			isa = XCBuildConfiguration;
			buildSettings = {
				ALWAYS_EMBED_SWIFT_STANDARD_LIBRARIES = YES;
				CODE_SIGN_STYLE = Automatic;
				CURRENT_PROJECT_VERSION = 1;
				DEVELOPMENT_TEAM = QUX87FX5T3;
				GENERATE_INFOPLIST_FILE = YES;
				MACOSX_DEPLOYMENT_TARGET = 11.5;
				MARKETING_VERSION = 1.0;
				PRODUCT_BUNDLE_IDENTIFIER = "whitney.Tests-macOS";
				PRODUCT_NAME = "$(TARGET_NAME)";
				SDKROOT = macosx;
				SWIFT_EMIT_LOC_STRINGS = NO;
				SWIFT_VERSION = 5.0;
				TEST_TARGET_NAME = "MeetYourGroup (macOS)";
			};
			name = Debug;
		};
		B231B97A2791234400E3895A /* Release */ = {
			isa = XCBuildConfiguration;
			buildSettings = {
				ALWAYS_EMBED_SWIFT_STANDARD_LIBRARIES = YES;
				CODE_SIGN_STYLE = Automatic;
				CURRENT_PROJECT_VERSION = 1;
				DEVELOPMENT_TEAM = QUX87FX5T3;
				GENERATE_INFOPLIST_FILE = YES;
				MACOSX_DEPLOYMENT_TARGET = 11.5;
				MARKETING_VERSION = 1.0;
				PRODUCT_BUNDLE_IDENTIFIER = "whitney.Tests-macOS";
				PRODUCT_NAME = "$(TARGET_NAME)";
				SDKROOT = macosx;
				SWIFT_EMIT_LOC_STRINGS = NO;
				SWIFT_VERSION = 5.0;
				TEST_TARGET_NAME = "MeetYourGroup (macOS)";
			};
			name = Release;
		};
/* End XCBuildConfiguration section */

/* Begin XCConfigurationList section */
		B231B93D2791234200E3895A /* Build configuration list for PBXProject "MeetYourGroup" */ = {
			isa = XCConfigurationList;
			buildConfigurations = (
				B231B96D2791234400E3895A /* Debug */,
				B231B96E2791234400E3895A /* Release */,
			);
			defaultConfigurationIsVisible = 0;
			defaultConfigurationName = Release;
		};
		B231B96F2791234400E3895A /* Build configuration list for PBXNativeTarget "MeetYourGroup (iOS)" */ = {
			isa = XCConfigurationList;
			buildConfigurations = (
				B231B9702791234400E3895A /* Debug */,
				B231B9712791234400E3895A /* Release */,
			);
			defaultConfigurationIsVisible = 0;
			defaultConfigurationName = Release;
		};
		B231B9722791234400E3895A /* Build configuration list for PBXNativeTarget "MeetYourGroup (macOS)" */ = {
			isa = XCConfigurationList;
			buildConfigurations = (
				B231B9732791234400E3895A /* Debug */,
				B231B9742791234400E3895A /* Release */,
			);
			defaultConfigurationIsVisible = 0;
			defaultConfigurationName = Release;
		};
		B231B9752791234400E3895A /* Build configuration list for PBXNativeTarget "Tests iOS" */ = {
			isa = XCConfigurationList;
			buildConfigurations = (
				B231B9762791234400E3895A /* Debug */,
				B231B9772791234400E3895A /* Release */,
			);
			defaultConfigurationIsVisible = 0;
			defaultConfigurationName = Release;
		};
		B231B9782791234400E3895A /* Build configuration list for PBXNativeTarget "Tests macOS" */ = {
			isa = XCConfigurationList;
			buildConfigurations = (
				B231B9792791234400E3895A /* Debug */,
				B231B97A2791234400E3895A /* Release */,
			);
			defaultConfigurationIsVisible = 0;
			defaultConfigurationName = Release;
		};
/* End XCConfigurationList section */
	};
	rootObject = B231B93A2791234200E3895A /* Project object */;
}
